
Microsoft Visual Studio Solution File, Format Version 12.00
Project("{FAE04EC0-301F-11D3-BF4B-00C04F79EFBC}") = "DadataService", "DadataService\DadataService.csproj", "{6C9A34C7-DB07-45B9-A7DA-10E6A6AD0120}"
EndProject
Project("{FAE04EC0-301F-11D3-BF4B-00C04F79EFBC}") = "Services", "Services\Services.csproj", "{1985624D-51E6-41C0-9494-CC8D7DC9DEC0}"
EndProject
Project("{FAE04EC0-301F-11D3-BF4B-00C04F79EFBC}") = "ViewModels", "ViewModels\ViewModels.csproj", "{9DFF001A-C14B-4E7B-84D6-89B729BCF6C9}"
EndProject
Project("{FAE04EC0-301F-11D3-BF4B-00C04F79EFBC}") = "Infractructure", "Infractructure\Infractructure.csproj", "{8E994FFD-14F6-4441-A92F-458619C2D305}"
EndProject
Global
	GlobalSection(SolutionConfigurationPlatforms) = preSolution
		Debug|Any CPU = Debug|Any CPU
		Release|Any CPU = Release|Any CPU
	EndGlobalSection
	GlobalSection(ProjectConfigurationPlatforms) = postSolution
		{6C9A34C7-DB07-45B9-A7DA-10E6A6AD0120}.Debug|Any CPU.ActiveCfg = Debug|Any CPU
		{6C9A34C7-DB07-45B9-A7DA-10E6A6AD0120}.Debug|Any CPU.Build.0 = Debug|Any CPU
		{6C9A34C7-DB07-45B9-A7DA-10E6A6AD0120}.Release|Any CPU.ActiveCfg = Release|Any CPU
		{6C9A34C7-DB07-45B9-A7DA-10E6A6AD0120}.Release|Any CPU.Build.0 = Release|Any CPU
		{1985624D-51E6-41C0-9494-CC8D7DC9DEC0}.Debug|Any CPU.ActiveCfg = Debug|Any CPU
		{1985624D-51E6-41C0-9494-CC8D7DC9DEC0}.Debug|Any CPU.Build.0 = Debug|Any CPU
		{1985624D-51E6-41C0-9494-CC8D7DC9DEC0}.Release|Any CPU.ActiveCfg = Release|Any CPU
		{1985624D-51E6-41C0-9494-CC8D7DC9DEC0}.Release|Any CPU.Build.0 = Release|Any CPU
		{9DFF001A-C14B-4E7B-84D6-89B729BCF6C9}.Debug|Any CPU.ActiveCfg = Debug|Any CPU
		{9DFF001A-C14B-4E7B-84D6-89B729BCF6C9}.Debug|Any CPU.Build.0 = Debug|Any CPU
		{9DFF001A-C14B-4E7B-84D6-89B729BCF6C9}.Release|Any CPU.ActiveCfg = Release|Any CPU
		{9DFF001A-C14B-4E7B-84D6-89B729BCF6C9}.Release|Any CPU.Build.0 = Release|Any CPU
		{8E994FFD-14F6-4441-A92F-458619C2D305}.Debug|Any CPU.ActiveCfg = Debug|Any CPU
		{8E994FFD-14F6-4441-A92F-458619C2D305}.Debug|Any CPU.Build.0 = Debug|Any CPU
		{8E994FFD-14F6-4441-A92F-458619C2D305}.Release|Any CPU.ActiveCfg = Release|Any CPU
		{8E994FFD-14F6-4441-A92F-458619C2D305}.Release|Any CPU.Build.0 = Release|Any CPU
	EndGlobalSection
EndGlobal
